
Microsoft Visual Studio Solution File, Format Version 12.00
# Visual Studio Version 17
VisualStudioVersion = 17.7.34031.279
MinimumVisualStudioVersion = 10.0.40219.1
Project("{8BC9CEB8-8B4A-11D0-8D11-00A0C91BC942}") = "EMTE", "EMTE\EMTE.vcxproj", "{D0F21AB0-5C8F-40AF-AC58-E5BBF61DA415}"
EndProject
Project("{2150E333-8FDC-42A3-9474-1A3956D46DE8}") = "Solution Items", "Solution Items", "{4D9C0DD3-4D25-4810-8E4A-0E7AC3D385D1}"
	ProjectSection(SolutionItems) = preProject
		notes.md = notes.md
	EndProjectSection
EndProject
Global
	GlobalSection(SolutionConfigurationPlatforms) = preSolution
		Debug|x64 = Debug|x64
		Debug|x86 = Debug|x86
		Release|x64 = Release|x64
		Release|x86 = Release|x86
	EndGlobalSection
	GlobalSection(ProjectConfigurationPlatforms) = postSolution
		{D0F21AB0-5C8F-40AF-AC58-E5BBF61DA415}.Debug|x64.ActiveCfg = Debug|x64
		{D0F21AB0-5C8F-40AF-AC58-E5BBF61DA415}.Debug|x64.Build.0 = Debug|x64
		{D0F21AB0-5C8F-40AF-AC58-E5BBF61DA415}.Debug|x86.ActiveCfg = Debug|Win32
		{D0F21AB0-5C8F-40AF-AC58-E5BBF61DA415}.Debug|x86.Build.0 = Debug|Win32
		{D0F21AB0-5C8F-40AF-AC58-E5BBF61DA415}.Release|x64.ActiveCfg = Release|x64
		{D0F21AB0-5C8F-40AF-AC58-E5BBF61DA415}.Release|x64.Build.0 = Release|x64
		{D0F21AB0-5C8F-40AF-AC58-E5BBF61DA415}.Release|x86.ActiveCfg = Release|Win32
		{D0F21AB0-5C8F-40AF-AC58-E5BBF61DA415}.Release|x86.Build.0 = Release|Win32
	EndGlobalSection
	GlobalSection(SolutionProperties) = preSolution
		HideSolutionNode = FALSE
	EndGlobalSection
	GlobalSection(ExtensibilityGlobals) = postSolution
		SolutionGuid = {DC0EB480-783E-4B3C-BF3A-05182F173745}
	EndGlobalSection
EndGlobal
