
Microsoft Visual Studio Solution File, Format Version 12.00
# Visual Studio Version 17
VisualStudioVersion = 17.6.33829.357
MinimumVisualStudioVersion = 10.0.40219.1
Project("{8BC9CEB8-8B4A-11D0-8D11-00A0C91BC942}") = "EMTE", "EMTE.vcxproj", "{54E06C54-95F2-43A7-9E55-AB523CF76DC9}"
EndProject
Project("{8BC9CEB8-8B4A-11D0-8D11-00A0C91BC942}") = "DirectXTK12", "DirectXTK12\DirectXTK_Desktop_2022_Win10.vcxproj", "{3E0E8608-CD9B-4C76-AF33-29CA38F2C9F0}"
EndProject
Global
	GlobalSection(SolutionConfigurationPlatforms) = preSolution
		Debug|ARM64 = Debug|ARM64
		Debug|x64 = Debug|x64
		Debug|x86 = Debug|x86
		Release|ARM64 = Release|ARM64
		Release|x64 = Release|x64
		Release|x86 = Release|x86
	EndGlobalSection
	GlobalSection(ProjectConfigurationPlatforms) = postSolution
		{54E06C54-95F2-43A7-9E55-AB523CF76DC9}.Debug|ARM64.ActiveCfg = Debug|x64
		{54E06C54-95F2-43A7-9E55-AB523CF76DC9}.Debug|ARM64.Build.0 = Debug|x64
		{54E06C54-95F2-43A7-9E55-AB523CF76DC9}.Debug|x64.ActiveCfg = Debug|x64
		{54E06C54-95F2-43A7-9E55-AB523CF76DC9}.Debug|x64.Build.0 = Debug|x64
		{54E06C54-95F2-43A7-9E55-AB523CF76DC9}.Debug|x86.ActiveCfg = Debug|Win32
		{54E06C54-95F2-43A7-9E55-AB523CF76DC9}.Debug|x86.Build.0 = Debug|Win32
		{54E06C54-95F2-43A7-9E55-AB523CF76DC9}.Release|ARM64.ActiveCfg = Release|x64
		{54E06C54-95F2-43A7-9E55-AB523CF76DC9}.Release|ARM64.Build.0 = Release|x64
		{54E06C54-95F2-43A7-9E55-AB523CF76DC9}.Release|x64.ActiveCfg = Release|x64
		{54E06C54-95F2-43A7-9E55-AB523CF76DC9}.Release|x64.Build.0 = Release|x64
		{54E06C54-95F2-43A7-9E55-AB523CF76DC9}.Release|x86.ActiveCfg = Release|Win32
		{54E06C54-95F2-43A7-9E55-AB523CF76DC9}.Release|x86.Build.0 = Release|Win32
		{3E0E8608-CD9B-4C76-AF33-29CA38F2C9F0}.Debug|ARM64.ActiveCfg = Debug|ARM64
		{3E0E8608-CD9B-4C76-AF33-29CA38F2C9F0}.Debug|ARM64.Build.0 = Debug|ARM64
		{3E0E8608-CD9B-4C76-AF33-29CA38F2C9F0}.Debug|x64.ActiveCfg = Debug|x64
		{3E0E8608-CD9B-4C76-AF33-29CA38F2C9F0}.Debug|x64.Build.0 = Debug|x64
		{3E0E8608-CD9B-4C76-AF33-29CA38F2C9F0}.Debug|x86.ActiveCfg = Debug|Win32
		{3E0E8608-CD9B-4C76-AF33-29CA38F2C9F0}.Debug|x86.Build.0 = Debug|Win32
		{3E0E8608-CD9B-4C76-AF33-29CA38F2C9F0}.Release|ARM64.ActiveCfg = Release|ARM64
		{3E0E8608-CD9B-4C76-AF33-29CA38F2C9F0}.Release|ARM64.Build.0 = Release|ARM64
		{3E0E8608-CD9B-4C76-AF33-29CA38F2C9F0}.Release|x64.ActiveCfg = Release|x64
		{3E0E8608-CD9B-4C76-AF33-29CA38F2C9F0}.Release|x64.Build.0 = Release|x64
		{3E0E8608-CD9B-4C76-AF33-29CA38F2C9F0}.Release|x86.ActiveCfg = Release|Win32
		{3E0E8608-CD9B-4C76-AF33-29CA38F2C9F0}.Release|x86.Build.0 = Release|Win32
	EndGlobalSection
	GlobalSection(SolutionProperties) = preSolution
		HideSolutionNode = FALSE
	EndGlobalSection
	GlobalSection(ExtensibilityGlobals) = postSolution
		SolutionGuid = {0FEF9AB6-A0E7-40AD-9A30-B628DFF1D6B2}
	EndGlobalSection
EndGlobal
